
Microsoft Visual Studio Solution File, Format Version 12.00
# Visual Studio Version 16
VisualStudioVersion = 16.0.29519.87
MinimumVisualStudioVersion = 10.0.40219.1
Project("{FAE04EC0-301F-11D3-BF4B-00C04F79EFBC}") = "Mimica.UWP", "Mimica\Mimica.UWP\Mimica.UWP.csproj", "{4D415D40-0FAA-475C-9663-DDD899A42A10}"
EndProject
Project("{FAE04EC0-301F-11D3-BF4B-00C04F79EFBC}") = "Mimica.Android", "Mimica\Mimica.Android\Mimica.Android.csproj", "{DB9D8D81-5D8C-46EB-871C-FFABDD7E605D}"
EndProject
Project("{FAE04EC0-301F-11D3-BF4B-00C04F79EFBC}") = "Mimica.iOS", "Mimica\Mimica.iOS\Mimica.iOS.csproj", "{1112F5DD-F87C-4089-9507-6F4F82BEFD14}"
EndProject
Project("{FAE04EC0-301F-11D3-BF4B-00C04F79EFBC}") = "Mimica", "Mimica\Mimica\Mimica.csproj", "{B18BA2CB-243F-4C88-B8D9-6F02DEB6DD53}"
EndProject
Global
	GlobalSection(SolutionConfigurationPlatforms) = preSolution
		Debug|Any CPU = Debug|Any CPU
		Debug|ARM = Debug|ARM
		Debug|iPhone = Debug|iPhone
		Debug|iPhoneSimulator = Debug|iPhoneSimulator
		Debug|x64 = Debug|x64
		Debug|x86 = Debug|x86
		Release|Any CPU = Release|Any CPU
		Release|ARM = Release|ARM
		Release|iPhone = Release|iPhone
		Release|iPhoneSimulator = Release|iPhoneSimulator
		Release|x64 = Release|x64
		Release|x86 = Release|x86
	EndGlobalSection
	GlobalSection(ProjectConfigurationPlatforms) = postSolution
		{4D415D40-0FAA-475C-9663-DDD899A42A10}.Debug|Any CPU.ActiveCfg = Debug|x86
		{4D415D40-0FAA-475C-9663-DDD899A42A10}.Debug|Any CPU.Build.0 = Debug|x86
		{4D415D40-0FAA-475C-9663-DDD899A42A10}.Debug|Any CPU.Deploy.0 = Debug|x86
		{4D415D40-0FAA-475C-9663-DDD899A42A10}.Debug|ARM.ActiveCfg = Debug|ARM
		{4D415D40-0FAA-475C-9663-DDD899A42A10}.Debug|ARM.Build.0 = Debug|ARM
		{4D415D40-0FAA-475C-9663-DDD899A42A10}.Debug|ARM.Deploy.0 = Debug|ARM
		{4D415D40-0FAA-475C-9663-DDD899A42A10}.Debug|iPhone.ActiveCfg = Debug|x86
		{4D415D40-0FAA-475C-9663-DDD899A42A10}.Debug|iPhone.Build.0 = Debug|x86
		{4D415D40-0FAA-475C-9663-DDD899A42A10}.Debug|iPhone.Deploy.0 = Debug|x86
		{4D415D40-0FAA-475C-9663-DDD899A42A10}.Debug|iPhoneSimulator.ActiveCfg = Debug|x86
		{4D415D40-0FAA-475C-9663-DDD899A42A10}.Debug|iPhoneSimulator.Build.0 = Debug|x86
		{4D415D40-0FAA-475C-9663-DDD899A42A10}.Debug|iPhoneSimulator.Deploy.0 = Debug|x86
		{4D415D40-0FAA-475C-9663-DDD899A42A10}.Debug|x64.ActiveCfg = Debug|x64
		{4D415D40-0FAA-475C-9663-DDD899A42A10}.Debug|x64.Build.0 = Debug|x64
		{4D415D40-0FAA-475C-9663-DDD899A42A10}.Debug|x64.Deploy.0 = Debug|x64
		{4D415D40-0FAA-475C-9663-DDD899A42A10}.Debug|x86.ActiveCfg = Debug|x86
		{4D415D40-0FAA-475C-9663-DDD899A42A10}.Debug|x86.Build.0 = Debug|x86
		{4D415D40-0FAA-475C-9663-DDD899A42A10}.Debug|x86.Deploy.0 = Debug|x86
		{4D415D40-0FAA-475C-9663-DDD899A42A10}.Release|Any CPU.ActiveCfg = Release|x86
		{4D415D40-0FAA-475C-9663-DDD899A42A10}.Release|Any CPU.Build.0 = Release|x86
		{4D415D40-0FAA-475C-9663-DDD899A42A10}.Release|Any CPU.Deploy.0 = Release|x86
		{4D415D40-0FAA-475C-9663-DDD899A42A10}.Release|ARM.ActiveCfg = Release|ARM
		{4D415D40-0FAA-475C-9663-DDD899A42A10}.Release|ARM.Build.0 = Release|ARM
		{4D415D40-0FAA-475C-9663-DDD899A42A10}.Release|ARM.Deploy.0 = Release|ARM
		{4D415D40-0FAA-475C-9663-DDD899A42A10}.Release|iPhone.ActiveCfg = Release|x86
		{4D415D40-0FAA-475C-9663-DDD899A42A10}.Release|iPhone.Build.0 = Release|x86
		{4D415D40-0FAA-475C-9663-DDD899A42A10}.Release|iPhone.Deploy.0 = Release|x86
		{4D415D40-0FAA-475C-9663-DDD899A42A10}.Release|iPhoneSimulator.ActiveCfg = Release|x86
		{4D415D40-0FAA-475C-9663-DDD899A42A10}.Release|iPhoneSimulator.Build.0 = Release|x86
		{4D415D40-0FAA-475C-9663-DDD899A42A10}.Release|iPhoneSimulator.Deploy.0 = Release|x86
		{4D415D40-0FAA-475C-9663-DDD899A42A10}.Release|x64.ActiveCfg = Release|x64
		{4D415D40-0FAA-475C-9663-DDD899A42A10}.Release|x64.Build.0 = Release|x64
		{4D415D40-0FAA-475C-9663-DDD899A42A10}.Release|x64.Deploy.0 = Release|x64
		{4D415D40-0FAA-475C-9663-DDD899A42A10}.Release|x86.ActiveCfg = Release|x86
		{4D415D40-0FAA-475C-9663-DDD899A42A10}.Release|x86.Build.0 = Release|x86
		{4D415D40-0FAA-475C-9663-DDD899A42A10}.Release|x86.Deploy.0 = Release|x86
		{DB9D8D81-5D8C-46EB-871C-FFABDD7E605D}.Debug|Any CPU.ActiveCfg = Debug|Any CPU
		{DB9D8D81-5D8C-46EB-871C-FFABDD7E605D}.Debug|Any CPU.Build.0 = Debug|Any CPU
		{DB9D8D81-5D8C-46EB-871C-FFABDD7E605D}.Debug|Any CPU.Deploy.0 = Debug|Any CPU
		{DB9D8D81-5D8C-46EB-871C-FFABDD7E605D}.Debug|ARM.ActiveCfg = Debug|Any CPU
		{DB9D8D81-5D8C-46EB-871C-FFABDD7E605D}.Debug|ARM.Build.0 = Debug|Any CPU
		{DB9D8D81-5D8C-46EB-871C-FFABDD7E605D}.Debug|ARM.Deploy.0 = Debug|Any CPU
		{DB9D8D81-5D8C-46EB-871C-FFABDD7E605D}.Debug|iPhone.ActiveCfg = Debug|Any CPU
		{DB9D8D81-5D8C-46EB-871C-FFABDD7E605D}.Debug|iPhone.Build.0 = Debug|Any CPU
		{DB9D8D81-5D8C-46EB-871C-FFABDD7E605D}.Debug|iPhone.Deploy.0 = Debug|Any CPU
		{DB9D8D81-5D8C-46EB-871C-FFABDD7E605D}.Debug|iPhoneSimulator.ActiveCfg = Debug|Any CPU
		{DB9D8D81-5D8C-46EB-871C-FFABDD7E605D}.Debug|iPhoneSimulator.Build.0 = Debug|Any CPU
		{DB9D8D81-5D8C-46EB-871C-FFABDD7E605D}.Debug|iPhoneSimulator.Deploy.0 = Debug|Any CPU
		{DB9D8D81-5D8C-46EB-871C-FFABDD7E605D}.Debug|x64.ActiveCfg = Debug|Any CPU
		{DB9D8D81-5D8C-46EB-871C-FFABDD7E605D}.Debug|x64.Build.0 = Debug|Any CPU
		{DB9D8D81-5D8C-46EB-871C-FFABDD7E605D}.Debug|x64.Deploy.0 = Debug|Any CPU
		{DB9D8D81-5D8C-46EB-871C-FFABDD7E605D}.Debug|x86.ActiveCfg = Debug|Any CPU
		{DB9D8D81-5D8C-46EB-871C-FFABDD7E605D}.Debug|x86.Build.0 = Debug|Any CPU
		{DB9D8D81-5D8C-46EB-871C-FFABDD7E605D}.Debug|x86.Deploy.0 = Debug|Any CPU
		{DB9D8D81-5D8C-46EB-871C-FFABDD7E605D}.Release|Any CPU.ActiveCfg = Release|Any CPU
		{DB9D8D81-5D8C-46EB-871C-FFABDD7E605D}.Release|Any CPU.Build.0 = Release|Any CPU
		{DB9D8D81-5D8C-46EB-871C-FFABDD7E605D}.Release|Any CPU.Deploy.0 = Release|Any CPU
		{DB9D8D81-5D8C-46EB-871C-FFABDD7E605D}.Release|ARM.ActiveCfg = Release|Any CPU
		{DB9D8D81-5D8C-46EB-871C-FFABDD7E605D}.Release|ARM.Build.0 = Release|Any CPU
		{DB9D8D81-5D8C-46EB-871C-FFABDD7E605D}.Release|ARM.Deploy.0 = Release|Any CPU
		{DB9D8D81-5D8C-46EB-871C-FFABDD7E605D}.Release|iPhone.ActiveCfg = Release|Any CPU
		{DB9D8D81-5D8C-46EB-871C-FFABDD7E605D}.Release|iPhone.Build.0 = Release|Any CPU
		{DB9D8D81-5D8C-46EB-871C-FFABDD7E605D}.Release|iPhone.Deploy.0 = Release|Any CPU
		{DB9D8D81-5D8C-46EB-871C-FFABDD7E605D}.Release|iPhoneSimulator.ActiveCfg = Release|Any CPU
		{DB9D8D81-5D8C-46EB-871C-FFABDD7E605D}.Release|iPhoneSimulator.Build.0 = Release|Any CPU
		{DB9D8D81-5D8C-46EB-871C-FFABDD7E605D}.Release|iPhoneSimulator.Deploy.0 = Release|Any CPU
		{DB9D8D81-5D8C-46EB-871C-FFABDD7E605D}.Release|x64.ActiveCfg = Release|Any CPU
		{DB9D8D81-5D8C-46EB-871C-FFABDD7E605D}.Release|x64.Build.0 = Release|Any CPU
		{DB9D8D81-5D8C-46EB-871C-FFABDD7E605D}.Release|x64.Deploy.0 = Release|Any CPU
		{DB9D8D81-5D8C-46EB-871C-FFABDD7E605D}.Release|x86.ActiveCfg = Release|Any CPU
		{DB9D8D81-5D8C-46EB-871C-FFABDD7E605D}.Release|x86.Build.0 = Release|Any CPU
		{DB9D8D81-5D8C-46EB-871C-FFABDD7E605D}.Release|x86.Deploy.0 = Release|Any CPU
		{1112F5DD-F87C-4089-9507-6F4F82BEFD14}.Debug|Any CPU.ActiveCfg = Debug|iPhone
		{1112F5DD-F87C-4089-9507-6F4F82BEFD14}.Debug|Any CPU.Build.0 = Debug|iPhone
		{1112F5DD-F87C-4089-9507-6F4F82BEFD14}.Debug|Any CPU.Deploy.0 = Debug|iPhone
		{1112F5DD-F87C-4089-9507-6F4F82BEFD14}.Debug|ARM.ActiveCfg = Debug|iPhoneSimulator
		{1112F5DD-F87C-4089-9507-6F4F82BEFD14}.Debug|ARM.Build.0 = Debug|iPhoneSimulator
		{1112F5DD-F87C-4089-9507-6F4F82BEFD14}.Debug|ARM.Deploy.0 = Debug|iPhoneSimulator
		{1112F5DD-F87C-4089-9507-6F4F82BEFD14}.Debug|iPhone.ActiveCfg = Debug|iPhone
		{1112F5DD-F87C-4089-9507-6F4F82BEFD14}.Debug|iPhone.Build.0 = Debug|iPhone
		{1112F5DD-F87C-4089-9507-6F4F82BEFD14}.Debug|iPhone.Deploy.0 = Debug|iPhone
		{1112F5DD-F87C-4089-9507-6F4F82BEFD14}.Debug|iPhoneSimulator.ActiveCfg = Debug|iPhoneSimulator
		{1112F5DD-F87C-4089-9507-6F4F82BEFD14}.Debug|iPhoneSimulator.Build.0 = Debug|iPhoneSimulator
		{1112F5DD-F87C-4089-9507-6F4F82BEFD14}.Debug|iPhoneSimulator.Deploy.0 = Debug|iPhoneSimulator
		{1112F5DD-F87C-4089-9507-6F4F82BEFD14}.Debug|x64.ActiveCfg = Debug|iPhone
		{1112F5DD-F87C-4089-9507-6F4F82BEFD14}.Debug|x64.Build.0 = Debug|iPhone
		{1112F5DD-F87C-4089-9507-6F4F82BEFD14}.Debug|x64.Deploy.0 = Debug|iPhone
		{1112F5DD-F87C-4089-9507-6F4F82BEFD14}.Debug|x86.ActiveCfg = Debug|iPhone
		{1112F5DD-F87C-4089-9507-6F4F82BEFD14}.Debug|x86.Build.0 = Debug|iPhone
		{1112F5DD-F87C-4089-9507-6F4F82BEFD14}.Debug|x86.Deploy.0 = Debug|iPhone
		{1112F5DD-F87C-4089-9507-6F4F82BEFD14}.Release|Any CPU.ActiveCfg = Release|iPhone
		{1112F5DD-F87C-4089-9507-6F4F82BEFD14}.Release|Any CPU.Build.0 = Release|iPhone
		{1112F5DD-F87C-4089-9507-6F4F82BEFD14}.Release|Any CPU.Deploy.0 = Release|iPhone
		{1112F5DD-F87C-4089-9507-6F4F82BEFD14}.Release|ARM.ActiveCfg = Release|iPhone
		{1112F5DD-F87C-4089-9507-6F4F82BEFD14}.Release|ARM.Build.0 = Release|iPhone
		{1112F5DD-F87C-4089-9507-6F4F82BEFD14}.Release|ARM.Deploy.0 = Release|iPhone
		{1112F5DD-F87C-4089-9507-6F4F82BEFD14}.Release|iPhone.ActiveCfg = Release|iPhone
		{1112F5DD-F87C-4089-9507-6F4F82BEFD14}.Release|iPhone.Build.0 = Release|iPhone
		{1112F5DD-F87C-4089-9507-6F4F82BEFD14}.Release|iPhone.Deploy.0 = Release|iPhone
		{1112F5DD-F87C-4089-9507-6F4F82BEFD14}.Release|iPhoneSimulator.ActiveCfg = Release|iPhoneSimulator
		{1112F5DD-F87C-4089-9507-6F4F82BEFD14}.Release|iPhoneSimulator.Build.0 = Release|iPhoneSimulator
		{1112F5DD-F87C-4089-9507-6F4F82BEFD14}.Release|iPhoneSimulator.Deploy.0 = Release|iPhoneSimulator
		{1112F5DD-F87C-4089-9507-6F4F82BEFD14}.Release|x64.ActiveCfg = Release|iPhone
		{1112F5DD-F87C-4089-9507-6F4F82BEFD14}.Release|x64.Build.0 = Release|iPhone
		{1112F5DD-F87C-4089-9507-6F4F82BEFD14}.Release|x64.Deploy.0 = Release|iPhone
		{1112F5DD-F87C-4089-9507-6F4F82BEFD14}.Release|x86.ActiveCfg = Release|iPhone
		{1112F5DD-F87C-4089-9507-6F4F82BEFD14}.Release|x86.Build.0 = Release|iPhone
		{1112F5DD-F87C-4089-9507-6F4F82BEFD14}.Release|x86.Deploy.0 = Release|iPhone
		{B18BA2CB-243F-4C88-B8D9-6F02DEB6DD53}.Debug|Any CPU.ActiveCfg = Debug|Any CPU
		{B18BA2CB-243F-4C88-B8D9-6F02DEB6DD53}.Debug|Any CPU.Build.0 = Debug|Any CPU
		{B18BA2CB-243F-4C88-B8D9-6F02DEB6DD53}.Debug|Any CPU.Deploy.0 = Debug|Any CPU
		{B18BA2CB-243F-4C88-B8D9-6F02DEB6DD53}.Debug|ARM.ActiveCfg = Debug|Any CPU
		{B18BA2CB-243F-4C88-B8D9-6F02DEB6DD53}.Debug|ARM.Build.0 = Debug|Any CPU
		{B18BA2CB-243F-4C88-B8D9-6F02DEB6DD53}.Debug|ARM.Deploy.0 = Debug|Any CPU
		{B18BA2CB-243F-4C88-B8D9-6F02DEB6DD53}.Debug|iPhone.ActiveCfg = Debug|Any CPU
		{B18BA2CB-243F-4C88-B8D9-6F02DEB6DD53}.Debug|iPhone.Build.0 = Debug|Any CPU
		{B18BA2CB-243F-4C88-B8D9-6F02DEB6DD53}.Debug|iPhone.Deploy.0 = Debug|Any CPU
		{B18BA2CB-243F-4C88-B8D9-6F02DEB6DD53}.Debug|iPhoneSimulator.ActiveCfg = Debug|Any CPU
		{B18BA2CB-243F-4C88-B8D9-6F02DEB6DD53}.Debug|iPhoneSimulator.Build.0 = Debug|Any CPU
		{B18BA2CB-243F-4C88-B8D9-6F02DEB6DD53}.Debug|iPhoneSimulator.Deploy.0 = Debug|Any CPU
		{B18BA2CB-243F-4C88-B8D9-6F02DEB6DD53}.Debug|x64.ActiveCfg = Debug|Any CPU
		{B18BA2CB-243F-4C88-B8D9-6F02DEB6DD53}.Debug|x64.Build.0 = Debug|Any CPU
		{B18BA2CB-243F-4C88-B8D9-6F02DEB6DD53}.Debug|x64.Deploy.0 = Debug|Any CPU
		{B18BA2CB-243F-4C88-B8D9-6F02DEB6DD53}.Debug|x86.ActiveCfg = Debug|Any CPU
		{B18BA2CB-243F-4C88-B8D9-6F02DEB6DD53}.Debug|x86.Build.0 = Debug|Any CPU
		{B18BA2CB-243F-4C88-B8D9-6F02DEB6DD53}.Debug|x86.Deploy.0 = Debug|Any CPU
		{B18BA2CB-243F-4C88-B8D9-6F02DEB6DD53}.Release|Any CPU.ActiveCfg = Release|Any CPU
		{B18BA2CB-243F-4C88-B8D9-6F02DEB6DD53}.Release|Any CPU.Build.0 = Release|Any CPU
		{B18BA2CB-243F-4C88-B8D9-6F02DEB6DD53}.Release|Any CPU.Deploy.0 = Release|Any CPU
		{B18BA2CB-243F-4C88-B8D9-6F02DEB6DD53}.Release|ARM.ActiveCfg = Release|Any CPU
		{B18BA2CB-243F-4C88-B8D9-6F02DEB6DD53}.Release|ARM.Build.0 = Release|Any CPU
		{B18BA2CB-243F-4C88-B8D9-6F02DEB6DD53}.Release|ARM.Deploy.0 = Release|Any CPU
		{B18BA2CB-243F-4C88-B8D9-6F02DEB6DD53}.Release|iPhone.ActiveCfg = Release|Any CPU
		{B18BA2CB-243F-4C88-B8D9-6F02DEB6DD53}.Release|iPhone.Build.0 = Release|Any CPU
		{B18BA2CB-243F-4C88-B8D9-6F02DEB6DD53}.Release|iPhone.Deploy.0 = Release|Any CPU
		{B18BA2CB-243F-4C88-B8D9-6F02DEB6DD53}.Release|iPhoneSimulator.ActiveCfg = Release|Any CPU
		{B18BA2CB-243F-4C88-B8D9-6F02DEB6DD53}.Release|iPhoneSimulator.Build.0 = Release|Any CPU
		{B18BA2CB-243F-4C88-B8D9-6F02DEB6DD53}.Release|iPhoneSimulator.Deploy.0 = Release|Any CPU
		{B18BA2CB-243F-4C88-B8D9-6F02DEB6DD53}.Release|x64.ActiveCfg = Release|Any CPU
		{B18BA2CB-243F-4C88-B8D9-6F02DEB6DD53}.Release|x64.Build.0 = Release|Any CPU
		{B18BA2CB-243F-4C88-B8D9-6F02DEB6DD53}.Release|x64.Deploy.0 = Release|Any CPU
		{B18BA2CB-243F-4C88-B8D9-6F02DEB6DD53}.Release|x86.ActiveCfg = Release|Any CPU
		{B18BA2CB-243F-4C88-B8D9-6F02DEB6DD53}.Release|x86.Build.0 = Release|Any CPU
		{B18BA2CB-243F-4C88-B8D9-6F02DEB6DD53}.Release|x86.Deploy.0 = Release|Any CPU
	EndGlobalSection
	GlobalSection(SolutionProperties) = preSolution
		HideSolutionNode = FALSE
	EndGlobalSection
	GlobalSection(ExtensibilityGlobals) = postSolution
		SolutionGuid = {9175CA7B-8DB3-4721-A99E-996B421C4E63}
	EndGlobalSection
EndGlobal
